
Microsoft Visual Studio Solution File, Format Version 12.00
# Visual Studio 15
VisualStudioVersion = 15.0.27130.2027
MinimumVisualStudioVersion = 10.0.40219.1
Project("{F184B08F-C81C-45F6-A57F-5ABD9991F28F}") = "Pi", "WindowsApp1\Pi.vbproj", "{DB750EDF-2597-4985-90C7-91952699537C}"
EndProject
Global
	GlobalSection(SolutionConfigurationPlatforms) = preSolution
		Debug|Any CPU = Debug|Any CPU
		Release|Any CPU = Release|Any CPU
	EndGlobalSection
	GlobalSection(ProjectConfigurationPlatforms) = postSolution
		{DB750EDF-2597-4985-90C7-91952699537C}.Debug|Any CPU.ActiveCfg = Debug|Any CPU
		{DB750EDF-2597-4985-90C7-91952699537C}.Debug|Any CPU.Build.0 = Debug|Any CPU
		{DB750EDF-2597-4985-90C7-91952699537C}.Release|Any CPU.ActiveCfg = Release|Any CPU
		{DB750EDF-2597-4985-90C7-91952699537C}.Release|Any CPU.Build.0 = Release|Any CPU
	EndGlobalSection
	GlobalSection(SolutionProperties) = preSolution
		HideSolutionNode = FALSE
	EndGlobalSection
	GlobalSection(ExtensibilityGlobals) = postSolution
		SolutionGuid = {CEB35FEF-075A-47B7-88A1-F9575F7C855A}
	EndGlobalSection
EndGlobal
